{
 "name": "Delus",
 "lockfileVersion": 3,
 "requires": true,
 "packages": {
  "": {
   "dependencies": {
    "@benmajor/jquery-touch-events": "^2.0.3",
    "@yaireo/tagify": "^4.32.1",
    "autosize": "^6.0.1",
    "bootstrap": "^5.3.1",
    "easytimer.js": "^4.5.4",
    "JQ-Image-Drag": "github:Dmitrytech/JQ-Image-Drag",
    "jquery-form": "^4.3.0",
    "jquery-fracs": "^0.15.1",
    "jquery-inview": "^1.1.2",
    "jquery-treegrid": "^0.3.0",
    "jquery-ui-touch-punch": "^0.2.3",
    "moment": "^2.29.4",
    "mustache": "^4.2.0",
    "rcrop": "github:Dmitrytech/rcrop",
    "readmore-js": "^2.2.1",
    "slick-carousel": "^1.8.1",
    "theia-sticky-sidebar": "^1.7.0",
    "tinymce": "^7.5.1",
    "tinymce-i18n": "^24.11.25",
    "triggeredautocomplete": "github:Dmitrytech/triggeredAutocomplete",
    "web-audio-recorder-js": "^0.0.2",
    "zuck.js": "^2.1.0"
   }
  },
  "node_modules/@benmajor/jquery-touch-events": {
   "version": "2.0.3",
   "resolved": "https://registry.npmjs.org/@benmajor/jquery-touch-events/-/jquery-touch-events-2.0.3.tgz",
   "integrity": "sha512-yhhk/jzScpbuMf8zF7UTcaRFAgqM+8Elzsog9cSJywQBXKe7hJg+eJ9w/kmfqiLjZefT9p8pqwtqslmUvRA3kw=="
  },
  "node_modules/@popperjs/core": {
   "version": "2.11.8",
   "resolved": "https://registry.npmjs.org/@popperjs/core/-/core-2.11.8.tgz",
   "integrity": "sha512-P1st0aksCrn9sGZhp8GMYwBnQsbvAWsZAX44oXNNvLHGqAOcoVxmjZiohstwQ7SqKnbR47akdNi+uleWD8+g6A==",
   "peer": true,
   "funding": {
    "type": "opencollective",
    "url": "https://opencollective.com/popperjs"
   }
  },
  "node_modules/@yaireo/tagify": {
   "version": "4.32.1",
   "resolved": "https://registry.npmjs.org/@yaireo/tagify/-/tagify-4.32.1.tgz",
   "integrity": "sha512-QlWP+9K9AIFs1RtGLjw1oqBIAhiKMWRH5s+vxXk4gdhsc6Ii87jucGXdL9uUJ9Pn33A1Zw41ZfBsguQkN0wEuQ==",
   "engines": {
    "node": ">=16.15.0",
    "npm": ">=9.0.0"
   },
   "peerDependencies": {
    "prop-types": ">15.5.7",
    "react": "*",
    "react-dom": "*"
   }
  },
  "node_modules/autosize": {
   "version": "6.0.1",
   "resolved": "https://registry.npmjs.org/autosize/-/autosize-6.0.1.tgz",
   "integrity": "sha512-f86EjiUKE6Xvczc4ioP1JBlWG7FKrE13qe/DxBCpe8GCipCq2nFw73aO8QEBKHfSbYGDN5eB9jXWKen7tspDqQ=="
  },
  "node_modules/bootstrap": {
   "version": "5.3.3",
   "resolved": "https://registry.npmjs.org/bootstrap/-/bootstrap-5.3.3.tgz",
   "integrity": "sha512-8HLCdWgyoMguSO9o+aH+iuZ+aht+mzW0u3HIMzVu7Srrpv7EBBxTnrFlSCskwdY1+EOFQSm7uMJhNQHkdPcmjg==",
   "funding": [
    {
     "type": "github",
     "url": "https://github.com/sponsors/twbs"
    },
    {
     "type": "opencollective",
     "url": "https://opencollective.com/bootstrap"
    }
   ],
   "peerDependencies": {
    "@popperjs/core": "^2.11.8"
   }
  },
  "node_modules/easytimer.js": {
   "version": "4.6.0",
   "resolved": "https://registry.npmjs.org/easytimer.js/-/easytimer.js-4.6.0.tgz",
   "integrity": "sha512-2kl/X/HnB5mKJ29x7N908CrNl5y8yDgDuD8U7TXTEHs/lBFVXT91DSoiXncYnwC1TPPDfomlLDKPaTSqT3dygQ=="
  },
  "node_modules/JQ-Image-Drag": {
   "version": "1.0.0",
   "resolved": "git+ssh://git@github.com/Dmitrytech/JQ-Image-Drag.git#c5d9ca692e5a9ae1dfc42dd5de75006e146a5405",
   "license": "MIT"
  },
  "node_modules/jquery": {
   "version": "3.7.1",
   "resolved": "https://registry.npmjs.org/jquery/-/jquery-3.7.1.tgz",
   "integrity": "sha512-m4avr8yL8kmFN8psrbFFFmB/If14iN5o9nw/NgnnM+kybDJpRsAynV2BsfpTYrTRysYUdADVD7CkUUizgkpLfg=="
  },
  "node_modules/jquery-form": {
   "version": "4.3.0",
   "resolved": "https://registry.npmjs.org/jquery-form/-/jquery-form-4.3.0.tgz",
   "integrity": "sha512-q3uaVCEWdLOYUCI6dpNdwf/7cJFOsUgdpq6r0taxtGQ5NJSkOzofyWm4jpOuJ5YxdmL1FI5QR+q+HB63HHLGnQ==",
   "dependencies": {
    "jquery": ">=1.7.2"
   }
  },
  "node_modules/jquery-fracs": {
   "version": "0.15.1",
   "resolved": "https://registry.npmjs.org/jquery-fracs/-/jquery-fracs-0.15.1.tgz",
   "integrity": "sha512-2W97HEcKaHPSFHMSIDdO2jlF0xEz9e8n8lAQTkBQm1ZdarK1dfumwmMQD7BW0tz9v1WVeVH+1QBLzdXaKT72Xw=="
  },
  "node_modules/jquery-inview": {
   "version": "1.1.2",
   "resolved": "https://registry.npmjs.org/jquery-inview/-/jquery-inview-1.1.2.tgz",
   "integrity": "sha512-RS6WOVzlCklmJ4H44Iy1QhCZGWc+oA08Gli8noH/ZHXhjOVZUT4liQdmgh1fyYC6zNBhCUt1lsoWBDhcFAIegg=="
  },
  "node_modules/jquery-treegrid": {
   "version": "0.3.0",
   "resolved": "https://registry.npmjs.org/jquery-treegrid/-/jquery-treegrid-0.3.0.tgz",
   "integrity": "sha512-7aUdT+EHAf4ybRtuvU4gmcnoU24Z+FmraBwLnHWroL8HrAOhd+2c2Go/3jPsAK0MjR/dznAUB27GCO1koNwKIA=="
  },
  "node_modules/jquery-ui-touch-punch": {
   "version": "0.2.3",
   "resolved": "https://registry.npmjs.org/jquery-ui-touch-punch/-/jquery-ui-touch-punch-0.2.3.tgz",
   "integrity": "sha512-Q/7aAd+SjbV0SspHO7Kuk96NJIbLwJAS0lD81U1PKcU2T5ZKayXMORH+Y5qvYLuy41xqVQbWimsRKDn1v3oI2Q=="
  },
  "node_modules/js-tokens": {
   "version": "4.0.0",
   "resolved": "https://registry.npmjs.org/js-tokens/-/js-tokens-4.0.0.tgz",
   "integrity": "sha512-RdJUflcE3cUzKiMqQgsCu06FPu9UdIJO0beYbPhHN4k6apgJtifcoCtT9bcxOpYBtpD2kCM6Sbzg4CausW/PKQ==",
   "peer": true
  },
  "node_modules/loose-envify": {
   "version": "1.4.0",
   "resolved": "https://registry.npmjs.org/loose-envify/-/loose-envify-1.4.0.tgz",
   "integrity": "sha512-lyuxPGr/Wfhrlem2CL/UcnUc1zcqKAImBDzukY7Y5F/yQiNdko6+fRLevlw1HgMySw7f611UIY408EtxRSoK3Q==",
   "peer": true,
   "dependencies": {
    "js-tokens": "^3.0.0 || ^4.0.0"
   },
   "bin": {
    "loose-envify": "cli.js"
   }
  },
  "node_modules/moment": {
   "version": "2.30.1",
   "resolved": "https://registry.npmjs.org/moment/-/moment-2.30.1.tgz",
   "integrity": "sha512-uEmtNhbDOrWPFS+hdjFCBfy9f2YoyzRpwcl+DqpC6taX21FzsTLQVbMV/W7PzNSX6x/bhC1zA3c2UQ5NzH6how==",
   "engines": {
    "node": "*"
   }
  },
  "node_modules/mustache": {
   "version": "4.2.0",
   "resolved": "https://registry.npmjs.org/mustache/-/mustache-4.2.0.tgz",
   "integrity": "sha512-71ippSywq5Yb7/tVYyGbkBggbU8H3u5Rz56fH60jGFgr8uHwxs+aSKeqmluIVzM0m0kB7xQjKS6qPfd0b2ZoqQ==",
   "bin": {
    "mustache": "bin/mustache"
   }
  },
  "node_modules/object-assign": {
   "version": "4.1.1",
   "resolved": "https://registry.npmjs.org/object-assign/-/object-assign-4.1.1.tgz",
   "integrity": "sha512-rJgTQnkUnH1sFw8yT6VSU3zD3sWmu6sZhIseY8VX+GRu3P6F7Fu+JNDoXfklElbLJSnc3FUQHVe4cU5hj+BcUg==",
   "peer": true,
   "engines": {
    "node": ">=0.10.0"
   }
  },
  "node_modules/prop-types": {
   "version": "15.8.1",
   "resolved": "https://registry.npmjs.org/prop-types/-/prop-types-15.8.1.tgz",
   "integrity": "sha512-oj87CgZICdulUohogVAR7AjlC0327U4el4L6eAvOqCeudMDVU0NThNaV+b9Df4dXgSP1gXMTnPdhfe/2qDH5cg==",
   "peer": true,
   "dependencies": {
    "loose-envify": "^1.4.0",
    "object-assign": "^4.1.1",
    "react-is": "^16.13.1"
   }
  },
  "node_modules/rcrop": {
   "version": "1.0.0",
   "resolved": "git+ssh://git@github.com/Dmitrytech/rcrop.git#b786ded6281cb8f7666409ede6642782139303d7",
   "license": "MIT"
  },
  "node_modules/react": {
   "version": "18.3.1",
   "resolved": "https://registry.npmjs.org/react/-/react-18.3.1.tgz",
   "integrity": "sha512-wS+hAgJShR0KhEvPJArfuPVN1+Hz1t0Y6n5jLrGQbkb4urgPE/0Rve+1kMB1v/oWgHgm4WIcV+i7F2pTVj+2iQ==",
   "peer": true,
   "dependencies": {
    "loose-envify": "^1.1.0"
   },
   "engines": {
    "node": ">=0.10.0"
   }
  },
  "node_modules/react-dom": {
   "version": "18.3.1",
   "resolved": "https://registry.npmjs.org/react-dom/-/react-dom-18.3.1.tgz",
   "integrity": "sha512-5m4nQKp+rZRb09LNH59GM4BxTh9251/ylbKIbpe7TpGxfJ+9kv6BLkLBXIjjspbgbnIBNqlI23tRnTWT0snUIw==",
   "peer": true,
   "dependencies": {
    "loose-envify": "^1.1.0",
    "scheduler": "^0.23.2"
   },
   "peerDependencies": {
    "react": "^18.3.1"
   }
  },
  "node_modules/react-is": {
   "version": "16.13.1",
   "resolved": "https://registry.npmjs.org/react-is/-/react-is-16.13.1.tgz",
   "integrity": "sha512-24e6ynE2H+OKt4kqsOvNd8kBpV65zoxbA4BVsEOB3ARVWQki/DHzaUoC5KuON/BiccDaCCTZBuOcfZs70kR8bQ==",
   "peer": true
  },
  "node_modules/readmore-js": {
   "version": "2.2.1",
   "resolved": "https://registry.npmjs.org/readmore-js/-/readmore-js-2.2.1.tgz",
   "integrity": "sha512-hbPP0nQpYYkAywCEZ8ozHivvhWyHic37KJ2IXrHES4qzjp0+nmw8R33MeyMAtXBZfXX4Es8cpd5JBVf9qj47+Q==",
   "dependencies": {
    "jquery": ">2.1.4"
   }
  },
  "node_modules/scheduler": {
   "version": "0.23.2",
   "resolved": "https://registry.npmjs.org/scheduler/-/scheduler-0.23.2.tgz",
   "integrity": "sha512-UOShsPwz7NrMUqhR6t0hWjFduvOzbtv7toDH1/hIrfRNIDBnnBWd0CwJTGvTpngVlmwGCdP9/Zl/tVrDqcuYzQ==",
   "peer": true,
   "dependencies": {
    "loose-envify": "^1.1.0"
   }
  },
  "node_modules/slick-carousel": {
   "version": "1.8.1",
   "resolved": "https://registry.npmjs.org/slick-carousel/-/slick-carousel-1.8.1.tgz",
   "integrity": "sha512-XB9Ftrf2EEKfzoQXt3Nitrt/IPbT+f1fgqBdoxO3W/+JYvtEOW6EgxnWfr9GH6nmULv7Y2tPmEX3koxThVmebA==",
   "peerDependencies": {
    "jquery": ">=1.8.0"
   }
  },
  "node_modules/theia-sticky-sidebar": {
   "version": "1.7.0",
   "resolved": "https://registry.npmjs.org/theia-sticky-sidebar/-/theia-sticky-sidebar-1.7.0.tgz",
   "integrity": "sha512-ySa+jt8kfcCstdVq3GPbuNxPSkd4/voott1fHKrTc/uBoNE8gdGQHynYfIoaVFBcsc0vk3yw4C4N4uZ+fpECOA==",
   "dependencies": {
    "jquery": ">=1.7.0"
   }
  },
  "node_modules/tinymce": {
   "version": "7.5.1",
   "resolved": "https://registry.npmjs.org/tinymce/-/tinymce-7.5.1.tgz",
   "integrity": "sha512-GRXJUB0BEIOUHUEC+q9IjsgWGIAQ4Tn5t5hfpB/YR7No3oPgKHG03v1d3nbov9aqdyVW7Be+UD4I3ZerQG30VQ=="
  },
  "node_modules/tinymce-i18n": {
   "version": "24.11.25",
   "resolved": "https://registry.npmjs.org/tinymce-i18n/-/tinymce-i18n-24.11.25.tgz",
   "integrity": "sha512-/g56/NXUpkl7l17S1wkAg/3tMJ/YWR7qZimvsBibE+iHYo0CYnemmYn9dA4RBrmpr5ZEzhFz65u48Cr5MRfv5w==",
   "license": "MIT"
  },
  "node_modules/triggeredautocomplete": {
   "version": "1.0.0",
   "resolved": "git+ssh://git@github.com/Dmitrytech/triggeredAutocomplete.git#3cf89362a2e61f12cc82dec405cce9ca769027a2",
   "license": "MIT"
  },
  "node_modules/web-audio-recorder-js": {
   "version": "0.0.2",
   "resolved": "https://registry.npmjs.org/web-audio-recorder-js/-/web-audio-recorder-js-0.0.2.tgz",
   "integrity": "sha512-FHSL303jCCqO3z66EEr+X7c7KYurdWBD/28pmXCA6lq3Uy+nSCWN83MR0qwmLsMY2SwPq6rVmnVfZhOI3eanwA=="
  },
  "node_modules/zuck.js": {
   "version": "2.1.0",
   "resolved": "https://registry.npmjs.org/zuck.js/-/zuck.js-2.1.0.tgz",
   "integrity": "sha512-WtSMR6rEtxKDNa4Zk1tuNLbBBhehb+9C58Bg5xr1pTLlyzwUG5Nb5J8o53DWLO2OUIgn2PdMlc9J3Mgcuz5hpw=="
  }
 }
}
