// !$*UTF8*$!
{
	archiveVersion = 1;
	classes = {
	};
	objectVersion = 56;
	objects = {

/* Begin PBXBuildFile section */
		E35713372C5CD17B009C42D4 /* NotificationService.swift in Sources */ = {isa = PBXBuildFile; fileRef = E35713362C5CD17B009C42D4 /* NotificationService.swift */; };
		E357133B2C5CD17B009C42D4 /* OneSignalNotificationServiceExtension.appex in Embed Foundation Extensions */ = {isa = PBXBuildFile; fileRef = E35713342C5CD17B009C42D4 /* OneSignalNotificationServiceExtension.appex */; settings = {ATTRIBUTES = (RemoveHeadersOnCopy, ); }; };
		E35713492C5CD335009C42D4 /* OneSignalExtension in Frameworks */ = {isa = PBXBuildFile; productRef = E35713482C5CD335009C42D4 /* OneSignalExtension */; };
		E357134B2C5CD335009C42D4 /* OneSignalFramework in Frameworks */ = {isa = PBXBuildFile; productRef = E357134A2C5CD335009C42D4 /* OneSignalFramework */; };
		E357134D2C5CD335009C42D4 /* OneSignalInAppMessages in Frameworks */ = {isa = PBXBuildFile; productRef = E357134C2C5CD335009C42D4 /* OneSignalInAppMessages */; };
		E357134F2C5CD335009C42D4 /* OneSignalLocation in Frameworks */ = {isa = PBXBuildFile; productRef = E357134E2C5CD335009C42D4 /* OneSignalLocation */; };
		E3744D522AC8270C00B6DD04 /* DelusWebApp.swift in Sources */ = {isa = PBXBuildFile; fileRef = E3744D512AC8270C00B6DD04 /* DelusWebApp.swift */; };
		E3744D542AC8270C00B6DD04 /* ContentView.swift in Sources */ = {isa = PBXBuildFile; fileRef = E3744D532AC8270C00B6DD04 /* ContentView.swift */; };
		E3744D562AC8270D00B6DD04 /* Assets.xcassets in Resources */ = {isa = PBXBuildFile; fileRef = E3744D552AC8270D00B6DD04 /* Assets.xcassets */; };
		E3744D592AC8270D00B6DD04 /* Preview Assets.xcassets in Resources */ = {isa = PBXBuildFile; fileRef = E3744D582AC8270D00B6DD04 /* Preview Assets.xcassets */; };
/* End PBXBuildFile section */

/* Begin PBXContainerItemProxy section */
		E35713392C5CD17B009C42D4 /* PBXContainerItemProxy */ = {
			isa = PBXContainerItemProxy;
			containerPortal = E3744D462AC8270C00B6DD04 /* Project object */;
			proxyType = 1;
			remoteGlobalIDString = E35713332C5CD17B009C42D4;
			remoteInfo = OneSignalNotificationServiceExtension;
		};
/* End PBXContainerItemProxy section */

/* Begin PBXCopyFilesBuildPhase section */
		E35713052C5CCD0E009C42D4 /* Embed Foundation Extensions */ = {
			isa = PBXCopyFilesBuildPhase;
			buildActionMask = 2147483647;
			dstPath = "";
			dstSubfolderSpec = 13;
			files = (
				E357133B2C5CD17B009C42D4 /* OneSignalNotificationServiceExtension.appex in Embed Foundation Extensions */,
			);
			name = "Embed Foundation Extensions";
			runOnlyForDeploymentPostprocessing = 0;
		};
/* End PBXCopyFilesBuildPhase section */

/* Begin PBXFileReference section */
		E35712F52C5CCCE1009C42D4 /* DelusWeb.entitlements */ = {isa = PBXFileReference; lastKnownFileType = text.plist.entitlements; path = DelusWeb.entitlements; sourceTree = "<group>"; };
		E35713202C5CD0DE009C42D4 /* Info.plist */ = {isa = PBXFileReference; lastKnownFileType = text.plist; path = Info.plist; sourceTree = "<group>"; };
		E35713342C5CD17B009C42D4 /* OneSignalNotificationServiceExtension.appex */ = {isa = PBXFileReference; explicitFileType = "wrapper.app-extension"; includeInIndex = 0; path = OneSignalNotificationServiceExtension.appex; sourceTree = BUILT_PRODUCTS_DIR; };
		E35713362C5CD17B009C42D4 /* NotificationService.swift */ = {isa = PBXFileReference; lastKnownFileType = sourcecode.swift; path = NotificationService.swift; sourceTree = "<group>"; };
		E35713382C5CD17B009C42D4 /* Info.plist */ = {isa = PBXFileReference; lastKnownFileType = text.plist.xml; path = Info.plist; sourceTree = "<group>"; };
		E357133F2C5CD230009C42D4 /* OneSignalNotificationServiceExtension.entitlements */ = {isa = PBXFileReference; lastKnownFileType = text.plist.entitlements; path = OneSignalNotificationServiceExtension.entitlements; sourceTree = "<group>"; };
		E3744D4E2AC8270C00B6DD04 /* DelusWeb.app */ = {isa = PBXFileReference; explicitFileType = wrapper.application; includeInIndex = 0; path = DelusWeb.app; sourceTree = BUILT_PRODUCTS_DIR; };
		E3744D512AC8270C00B6DD04 /* DelusWebApp.swift */ = {isa = PBXFileReference; lastKnownFileType = sourcecode.swift; path = DelusWebApp.swift; sourceTree = "<group>"; };
		E3744D532AC8270C00B6DD04 /* ContentView.swift */ = {isa = PBXFileReference; lastKnownFileType = sourcecode.swift; path = ContentView.swift; sourceTree = "<group>"; };
		E3744D552AC8270D00B6DD04 /* Assets.xcassets */ = {isa = PBXFileReference; lastKnownFileType = folder.assetcatalog; path = Assets.xcassets; sourceTree = "<group>"; };
		E3744D582AC8270D00B6DD04 /* Preview Assets.xcassets */ = {isa = PBXFileReference; lastKnownFileType = folder.assetcatalog; path = "Preview Assets.xcassets"; sourceTree = "<group>"; };
/* End PBXFileReference section */

/* Begin PBXFrameworksBuildPhase section */
		E35713312C5CD17B009C42D4 /* Frameworks */ = {
			isa = PBXFrameworksBuildPhase;
			buildActionMask = 2147483647;
			files = (
				E35713492C5CD335009C42D4 /* OneSignalExtension in Frameworks */,
			);
			runOnlyForDeploymentPostprocessing = 0;
		};
		E3744D4B2AC8270C00B6DD04 /* Frameworks */ = {
			isa = PBXFrameworksBuildPhase;
			buildActionMask = 2147483647;
			files = (
				E357134D2C5CD335009C42D4 /* OneSignalInAppMessages in Frameworks */,
				E357134F2C5CD335009C42D4 /* OneSignalLocation in Frameworks */,
				E357134B2C5CD335009C42D4 /* OneSignalFramework in Frameworks */,
			);
			runOnlyForDeploymentPostprocessing = 0;
		};
/* End PBXFrameworksBuildPhase section */

/* Begin PBXGroup section */
		E35713162C5CCE5A009C42D4 /* Frameworks */ = {
			isa = PBXGroup;
			children = (
			);
			name = Frameworks;
			sourceTree = "<group>";
		};
		E35713352C5CD17B009C42D4 /* OneSignalNotificationServiceExtension */ = {
			isa = PBXGroup;
			children = (
				E357133F2C5CD230009C42D4 /* OneSignalNotificationServiceExtension.entitlements */,
				E35713362C5CD17B009C42D4 /* NotificationService.swift */,
				E35713382C5CD17B009C42D4 /* Info.plist */,
			);
			path = OneSignalNotificationServiceExtension;
			sourceTree = "<group>";
		};
		E3744D452AC8270C00B6DD04 = {
			isa = PBXGroup;
			children = (
				E3744D502AC8270C00B6DD04 /* DelusWeb */,
				E35713352C5CD17B009C42D4 /* OneSignalNotificationServiceExtension */,
				E3744D4F2AC8270C00B6DD04 /* Products */,
				E35713162C5CCE5A009C42D4 /* Frameworks */,
			);
			sourceTree = "<group>";
		};
		E3744D4F2AC8270C00B6DD04 /* Products */ = {
			isa = PBXGroup;
			children = (
				E3744D4E2AC8270C00B6DD04 /* DelusWeb.app */,
				E35713342C5CD17B009C42D4 /* OneSignalNotificationServiceExtension.appex */,
			);
			name = Products;
			sourceTree = "<group>";
		};
		E3744D502AC8270C00B6DD04 /* DelusWeb */ = {
			isa = PBXGroup;
			children = (
				E35713202C5CD0DE009C42D4 /* Info.plist */,
				E35712F52C5CCCE1009C42D4 /* DelusWeb.entitlements */,
				E3744D512AC8270C00B6DD04 /* DelusWebApp.swift */,
				E3744D532AC8270C00B6DD04 /* ContentView.swift */,
				E3744D552AC8270D00B6DD04 /* Assets.xcassets */,
				E3744D572AC8270D00B6DD04 /* Preview Content */,
			);
			path = DelusWeb;
			sourceTree = "<group>";
		};
		E3744D572AC8270D00B6DD04 /* Preview Content */ = {
			isa = PBXGroup;
			children = (
				E3744D582AC8270D00B6DD04 /* Preview Assets.xcassets */,
			);
			path = "Preview Content";
			sourceTree = "<group>";
		};
/* End PBXGroup section */

/* Begin PBXNativeTarget section */
		E35713332C5CD17B009C42D4 /* OneSignalNotificationServiceExtension */ = {
			isa = PBXNativeTarget;
			buildConfigurationList = E357133C2C5CD17B009C42D4 /* Build configuration list for PBXNativeTarget "OneSignalNotificationServiceExtension" */;
			buildPhases = (
				E35713302C5CD17B009C42D4 /* Sources */,
				E35713312C5CD17B009C42D4 /* Frameworks */,
				E35713322C5CD17B009C42D4 /* Resources */,
			);
			buildRules = (
			);
			dependencies = (
			);
			name = OneSignalNotificationServiceExtension;
			packageProductDependencies = (
				E35713482C5CD335009C42D4 /* OneSignalExtension */,
			);
			productName = OneSignalNotificationServiceExtension;
			productReference = E35713342C5CD17B009C42D4 /* OneSignalNotificationServiceExtension.appex */;
			productType = "com.apple.product-type.app-extension";
		};
		E3744D4D2AC8270C00B6DD04 /* DelusWeb */ = {
			isa = PBXNativeTarget;
			buildConfigurationList = E3744D5C2AC8270D00B6DD04 /* Build configuration list for PBXNativeTarget "DelusWeb" */;
			buildPhases = (
				E3744D4A2AC8270C00B6DD04 /* Sources */,
				E3744D4B2AC8270C00B6DD04 /* Frameworks */,
				E3744D4C2AC8270C00B6DD04 /* Resources */,
				E35713052C5CCD0E009C42D4 /* Embed Foundation Extensions */,
			);
			buildRules = (
			);
			dependencies = (
				E357133A2C5CD17B009C42D4 /* PBXTargetDependency */,
			);
			name = DelusWeb;
			packageProductDependencies = (
				E357134A2C5CD335009C42D4 /* OneSignalFramework */,
				E357134C2C5CD335009C42D4 /* OneSignalInAppMessages */,
				E357134E2C5CD335009C42D4 /* OneSignalLocation */,
			);
			productName = DelusWeb;
			productReference = E3744D4E2AC8270C00B6DD04 /* DelusWeb.app */;
			productType = "com.apple.product-type.application";
		};
/* End PBXNativeTarget section */

/* Begin PBXProject section */
		E3744D462AC8270C00B6DD04 /* Project object */ = {
			isa = PBXProject;
			attributes = {
				BuildIndependentTargetsInParallel = 1;
				LastSwiftUpdateCheck = 1540;
				LastUpgradeCheck = 1540;
				TargetAttributes = {
					E35713332C5CD17B009C42D4 = {
						CreatedOnToolsVersion = 15.4;
					};
					E3744D4D2AC8270C00B6DD04 = {
						CreatedOnToolsVersion = 14.2;
					};
				};
			};
			buildConfigurationList = E3744D492AC8270C00B6DD04 /* Build configuration list for PBXProject "DelusWeb" */;
			compatibilityVersion = "Xcode 14.0";
			developmentRegion = en;
			hasScannedForEncodings = 0;
			knownRegions = (
				en,
				Base,
			);
			mainGroup = E3744D452AC8270C00B6DD04;
			packageReferences = (
				E35713472C5CD335009C42D4 /* XCRemoteSwiftPackageReference "OneSignal-XCFramework" */,
			);
			productRefGroup = E3744D4F2AC8270C00B6DD04 /* Products */;
			projectDirPath = "";
			projectRoot = "";
			targets = (
				E3744D4D2AC8270C00B6DD04 /* DelusWeb */,
				E35713332C5CD17B009C42D4 /* OneSignalNotificationServiceExtension */,
			);
		};
/* End PBXProject section */

/* Begin PBXResourcesBuildPhase section */
		E35713322C5CD17B009C42D4 /* Resources */ = {
			isa = PBXResourcesBuildPhase;
			buildActionMask = 2147483647;
			files = (
			);
			runOnlyForDeploymentPostprocessing = 0;
		};
		E3744D4C2AC8270C00B6DD04 /* Resources */ = {
			isa = PBXResourcesBuildPhase;
			buildActionMask = 2147483647;
			files = (
				E3744D592AC8270D00B6DD04 /* Preview Assets.xcassets in Resources */,
				E3744D562AC8270D00B6DD04 /* Assets.xcassets in Resources */,
			);
			runOnlyForDeploymentPostprocessing = 0;
		};
/* End PBXResourcesBuildPhase section */

/* Begin PBXSourcesBuildPhase section */
		E35713302C5CD17B009C42D4 /* Sources */ = {
			isa = PBXSourcesBuildPhase;
			buildActionMask = 2147483647;
			files = (
				E35713372C5CD17B009C42D4 /* NotificationService.swift in Sources */,
			);
			runOnlyForDeploymentPostprocessing = 0;
		};
		E3744D4A2AC8270C00B6DD04 /* Sources */ = {
			isa = PBXSourcesBuildPhase;
			buildActionMask = 2147483647;
			files = (
				E3744D542AC8270C00B6DD04 /* ContentView.swift in Sources */,
				E3744D522AC8270C00B6DD04 /* DelusWebApp.swift in Sources */,
			);
			runOnlyForDeploymentPostprocessing = 0;
		};
/* End PBXSourcesBuildPhase section */

/* Begin PBXTargetDependency section */
		E357133A2C5CD17B009C42D4 /* PBXTargetDependency */ = {
			isa = PBXTargetDependency;
			target = E35713332C5CD17B009C42D4 /* OneSignalNotificationServiceExtension */;
			targetProxy = E35713392C5CD17B009C42D4 /* PBXContainerItemProxy */;
		};
/* End PBXTargetDependency section */

/* Begin XCBuildConfiguration section */
		E357133D2C5CD17B009C42D4 /* Debug */ = {
			isa = XCBuildConfiguration;
			buildSettings = {
				ASSETCATALOG_COMPILER_GENERATE_SWIFT_ASSET_SYMBOL_EXTENSIONS = YES;
				CODE_SIGN_ENTITLEMENTS = OneSignalNotificationServiceExtension/OneSignalNotificationServiceExtension.entitlements;
				CODE_SIGN_IDENTITY = "Apple Development";
				CODE_SIGN_STYLE = Automatic;
				CURRENT_PROJECT_VERSION = 1;
				DEVELOPMENT_TEAM = Q3YBB55MTY;
				GCC_C_LANGUAGE_STANDARD = gnu17;
				GENERATE_INFOPLIST_FILE = YES;
				INFOPLIST_FILE = OneSignalNotificationServiceExtension/Info.plist;
				INFOPLIST_KEY_CFBundleDisplayName = OneSignalNotificationServiceExtension;
				INFOPLIST_KEY_LSApplicationCategoryType = "";
				INFOPLIST_KEY_NSCameraUsageDescription = "This app requires access to the camera to allow you to live stream your video and video calls";
				INFOPLIST_KEY_NSHumanReadableCopyright = "";
				INFOPLIST_KEY_NSLocationWhenInUseUsageDescription = "We need your location to find friends and content near you";
				INFOPLIST_KEY_NSMicrophoneUsageDescription = "This app requires access to the mic to allow you to live stream your video and audio/video calls";
				IPHONEOS_DEPLOYMENT_TARGET = 15.0;
				LD_RUNPATH_SEARCH_PATHS = (
					"$(inherited)",
					"@executable_path/Frameworks",
					"@executable_path/../../Frameworks",
				);
				LOCALIZATION_PREFERS_STRING_CATALOGS = YES;
				MARKETING_VERSION = 1.0;
				PRODUCT_BUNDLE_IDENTIFIER = com.Delus.demo.OneSignalNotificationServiceExtension;
				PRODUCT_NAME = "$(TARGET_NAME)";
				SKIP_INSTALL = YES;
				SWIFT_ACTIVE_COMPILATION_CONDITIONS = "DEBUG $(inherited)";
				SWIFT_EMIT_LOC_STRINGS = YES;
				SWIFT_VERSION = 5.0;
				TARGETED_DEVICE_FAMILY = "1,2";
			};
			name = Debug;
		};
		E357133E2C5CD17B009C42D4 /* Release */ = {
			isa = XCBuildConfiguration;
			buildSettings = {
				ASSETCATALOG_COMPILER_GENERATE_SWIFT_ASSET_SYMBOL_EXTENSIONS = YES;
				CODE_SIGN_ENTITLEMENTS = OneSignalNotificationServiceExtension/OneSignalNotificationServiceExtension.entitlements;
				CODE_SIGN_IDENTITY = "Apple Development";
				CODE_SIGN_STYLE = Automatic;
				CURRENT_PROJECT_VERSION = 1;
				DEVELOPMENT_TEAM = Q3YBB55MTY;
				GCC_C_LANGUAGE_STANDARD = gnu17;
				GENERATE_INFOPLIST_FILE = YES;
				INFOPLIST_FILE = OneSignalNotificationServiceExtension/Info.plist;
				INFOPLIST_KEY_CFBundleDisplayName = OneSignalNotificationServiceExtension;
				INFOPLIST_KEY_LSApplicationCategoryType = "";
				INFOPLIST_KEY_NSCameraUsageDescription = "This app requires access to the camera to allow you to live stream your video and video calls";
				INFOPLIST_KEY_NSHumanReadableCopyright = "";
				INFOPLIST_KEY_NSLocationWhenInUseUsageDescription = "We need your location to find friends and content near you";
				INFOPLIST_KEY_NSMicrophoneUsageDescription = "This app requires access to the mic to allow you to live stream your video and audio/video calls";
				IPHONEOS_DEPLOYMENT_TARGET = 15.0;
				LD_RUNPATH_SEARCH_PATHS = (
					"$(inherited)",
					"@executable_path/Frameworks",
					"@executable_path/../../Frameworks",
				);
				LOCALIZATION_PREFERS_STRING_CATALOGS = YES;
				MARKETING_VERSION = 1.0;
				PRODUCT_BUNDLE_IDENTIFIER = com.Delus.demo.OneSignalNotificationServiceExtension;
				PRODUCT_NAME = "$(TARGET_NAME)";
				SKIP_INSTALL = YES;
				SWIFT_EMIT_LOC_STRINGS = YES;
				SWIFT_VERSION = 5.0;
				TARGETED_DEVICE_FAMILY = "1,2";
			};
			name = Release;
		};
		E3744D5A2AC8270D00B6DD04 /* Debug */ = {
			isa = XCBuildConfiguration;
			buildSettings = {
				ALWAYS_SEARCH_USER_PATHS = NO;
				CLANG_ANALYZER_NONNULL = YES;
				CLANG_ANALYZER_NUMBER_OBJECT_CONVERSION = YES_AGGRESSIVE;
				CLANG_CXX_LANGUAGE_STANDARD = "gnu++20";
				CLANG_ENABLE_MODULES = YES;
				CLANG_ENABLE_OBJC_ARC = YES;
				CLANG_ENABLE_OBJC_WEAK = YES;
				CLANG_WARN_BLOCK_CAPTURE_AUTORELEASING = YES;
				CLANG_WARN_BOOL_CONVERSION = YES;
				CLANG_WARN_COMMA = YES;
				CLANG_WARN_CONSTANT_CONVERSION = YES;
				CLANG_WARN_DEPRECATED_OBJC_IMPLEMENTATIONS = YES;
				CLANG_WARN_DIRECT_OBJC_ISA_USAGE = YES_ERROR;
				CLANG_WARN_DOCUMENTATION_COMMENTS = YES;
				CLANG_WARN_EMPTY_BODY = YES;
				CLANG_WARN_ENUM_CONVERSION = YES;
				CLANG_WARN_INFINITE_RECURSION = YES;
				CLANG_WARN_INT_CONVERSION = YES;
				CLANG_WARN_NON_LITERAL_NULL_CONVERSION = YES;
				CLANG_WARN_OBJC_IMPLICIT_RETAIN_SELF = YES;
				CLANG_WARN_OBJC_LITERAL_CONVERSION = YES;
				CLANG_WARN_OBJC_ROOT_CLASS = YES_ERROR;
				CLANG_WARN_QUOTED_INCLUDE_IN_FRAMEWORK_HEADER = YES;
				CLANG_WARN_RANGE_LOOP_ANALYSIS = YES;
				CLANG_WARN_STRICT_PROTOTYPES = YES;
				CLANG_WARN_SUSPICIOUS_MOVE = YES;
				CLANG_WARN_UNGUARDED_AVAILABILITY = YES_AGGRESSIVE;
				CLANG_WARN_UNREACHABLE_CODE = YES;
				CLANG_WARN__DUPLICATE_METHOD_MATCH = YES;
				COPY_PHASE_STRIP = NO;
				DEBUG_INFORMATION_FORMAT = dwarf;
				ENABLE_STRICT_OBJC_MSGSEND = YES;
				ENABLE_TESTABILITY = YES;
				ENABLE_USER_SCRIPT_SANDBOXING = YES;
				GCC_C_LANGUAGE_STANDARD = gnu11;
				GCC_DYNAMIC_NO_PIC = NO;
				GCC_NO_COMMON_BLOCKS = YES;
				GCC_OPTIMIZATION_LEVEL = 0;
				GCC_PREPROCESSOR_DEFINITIONS = (
					"DEBUG=1",
					"$(inherited)",
				);
				GCC_WARN_64_TO_32_BIT_CONVERSION = YES;
				GCC_WARN_ABOUT_RETURN_TYPE = YES_ERROR;
				GCC_WARN_UNDECLARED_SELECTOR = YES;
				GCC_WARN_UNINITIALIZED_AUTOS = YES_AGGRESSIVE;
				GCC_WARN_UNUSED_FUNCTION = YES;
				GCC_WARN_UNUSED_VARIABLE = YES;
				IPHONEOS_DEPLOYMENT_TARGET = 17.0;
				MTL_ENABLE_DEBUG_INFO = INCLUDE_SOURCE;
				MTL_FAST_MATH = YES;
				ONLY_ACTIVE_ARCH = YES;
				SDKROOT = iphoneos;
				SWIFT_ACTIVE_COMPILATION_CONDITIONS = DEBUG;
				SWIFT_OPTIMIZATION_LEVEL = "-Onone";
			};
			name = Debug;
		};
		E3744D5B2AC8270D00B6DD04 /* Release */ = {
			isa = XCBuildConfiguration;
			buildSettings = {
				ALWAYS_SEARCH_USER_PATHS = NO;
				CLANG_ANALYZER_NONNULL = YES;
				CLANG_ANALYZER_NUMBER_OBJECT_CONVERSION = YES_AGGRESSIVE;
				CLANG_CXX_LANGUAGE_STANDARD = "gnu++20";
				CLANG_ENABLE_MODULES = YES;
				CLANG_ENABLE_OBJC_ARC = YES;
				CLANG_ENABLE_OBJC_WEAK = YES;
				CLANG_WARN_BLOCK_CAPTURE_AUTORELEASING = YES;
				CLANG_WARN_BOOL_CONVERSION = YES;
				CLANG_WARN_COMMA = YES;
				CLANG_WARN_CONSTANT_CONVERSION = YES;
				CLANG_WARN_DEPRECATED_OBJC_IMPLEMENTATIONS = YES;
				CLANG_WARN_DIRECT_OBJC_ISA_USAGE = YES_ERROR;
				CLANG_WARN_DOCUMENTATION_COMMENTS = YES;
				CLANG_WARN_EMPTY_BODY = YES;
				CLANG_WARN_ENUM_CONVERSION = YES;
				CLANG_WARN_INFINITE_RECURSION = YES;
				CLANG_WARN_INT_CONVERSION = YES;
				CLANG_WARN_NON_LITERAL_NULL_CONVERSION = YES;
				CLANG_WARN_OBJC_IMPLICIT_RETAIN_SELF = YES;
				CLANG_WARN_OBJC_LITERAL_CONVERSION = YES;
				CLANG_WARN_OBJC_ROOT_CLASS = YES_ERROR;
				CLANG_WARN_QUOTED_INCLUDE_IN_FRAMEWORK_HEADER = YES;
				CLANG_WARN_RANGE_LOOP_ANALYSIS = YES;
				CLANG_WARN_STRICT_PROTOTYPES = YES;
				CLANG_WARN_SUSPICIOUS_MOVE = YES;
				CLANG_WARN_UNGUARDED_AVAILABILITY = YES_AGGRESSIVE;
				CLANG_WARN_UNREACHABLE_CODE = YES;
				CLANG_WARN__DUPLICATE_METHOD_MATCH = YES;
				COPY_PHASE_STRIP = NO;
				DEBUG_INFORMATION_FORMAT = "dwarf-with-dsym";
				ENABLE_NS_ASSERTIONS = NO;
				ENABLE_STRICT_OBJC_MSGSEND = YES;
				ENABLE_USER_SCRIPT_SANDBOXING = YES;
				GCC_C_LANGUAGE_STANDARD = gnu11;
				GCC_NO_COMMON_BLOCKS = YES;
				GCC_WARN_64_TO_32_BIT_CONVERSION = YES;
				GCC_WARN_ABOUT_RETURN_TYPE = YES_ERROR;
				GCC_WARN_UNDECLARED_SELECTOR = YES;
				GCC_WARN_UNINITIALIZED_AUTOS = YES_AGGRESSIVE;
				GCC_WARN_UNUSED_FUNCTION = YES;
				GCC_WARN_UNUSED_VARIABLE = YES;
				IPHONEOS_DEPLOYMENT_TARGET = 17.0;
				MTL_ENABLE_DEBUG_INFO = NO;
				MTL_FAST_MATH = YES;
				SDKROOT = iphoneos;
				SWIFT_COMPILATION_MODE = wholemodule;
				SWIFT_OPTIMIZATION_LEVEL = "-O";
				VALIDATE_PRODUCT = YES;
			};
			name = Release;
		};
		E3744D5D2AC8270D00B6DD04 /* Debug */ = {
			isa = XCBuildConfiguration;
			buildSettings = {
				ALWAYS_EMBED_SWIFT_STANDARD_LIBRARIES = YES;
				ASSETCATALOG_COMPILER_APPICON_NAME = AppIcon;
				ASSETCATALOG_COMPILER_GLOBAL_ACCENT_COLOR_NAME = AccentColor;
				CODE_SIGN_ENTITLEMENTS = DelusWeb/DelusWeb.entitlements;
				CODE_SIGN_IDENTITY = "Apple Development";
				CODE_SIGN_STYLE = Automatic;
				CURRENT_PROJECT_VERSION = 8;
				DEVELOPMENT_ASSET_PATHS = "\"DelusWeb/Preview Content\"";
				DEVELOPMENT_TEAM = Q3YBB55MTY;
				ENABLE_PREVIEWS = YES;
				GENERATE_INFOPLIST_FILE = YES;
				INFOPLIST_FILE = DelusWeb/Info.plist;
				INFOPLIST_KEY_CFBundleDisplayName = Delus;
				INFOPLIST_KEY_LSApplicationCategoryType = "public.app-category.social-networking";
				INFOPLIST_KEY_NSCameraUsageDescription = "This app requires access to the camera to allow you to live stream your video and video calls";
				INFOPLIST_KEY_NSLocationWhenInUseUsageDescription = "We need your location to find friends and content near you";
				INFOPLIST_KEY_NSMicrophoneUsageDescription = "This app requires access to the mic to allow you to live stream your video and audio/video calls";
				INFOPLIST_KEY_UIApplicationSceneManifest_Generation = YES;
				INFOPLIST_KEY_UIApplicationSupportsIndirectInputEvents = YES;
				INFOPLIST_KEY_UILaunchScreen_Generation = YES;
				INFOPLIST_KEY_UISupportedInterfaceOrientations_iPad = "UIInterfaceOrientationPortrait UIInterfaceOrientationPortraitUpsideDown UIInterfaceOrientationLandscapeLeft UIInterfaceOrientationLandscapeRight";
				INFOPLIST_KEY_UISupportedInterfaceOrientations_iPhone = "UIInterfaceOrientationPortrait UIInterfaceOrientationLandscapeLeft UIInterfaceOrientationLandscapeRight";
				IPHONEOS_DEPLOYMENT_TARGET = 15.0;
				LD_RUNPATH_SEARCH_PATHS = (
					"$(inherited)",
					"@executable_path/Frameworks",
				);
				MARKETING_VERSION = 1.0;
				PRODUCT_BUNDLE_IDENTIFIER = com.Delus.demo;
				PRODUCT_NAME = "$(TARGET_NAME)";
				PROVISIONING_PROFILE_SPECIFIER = "";
				SWIFT_EMIT_LOC_STRINGS = YES;
				SWIFT_VERSION = 5.0;
				TARGETED_DEVICE_FAMILY = "1,2";
			};
			name = Debug;
		};
		E3744D5E2AC8270D00B6DD04 /* Release */ = {
			isa = XCBuildConfiguration;
			buildSettings = {
				ALWAYS_EMBED_SWIFT_STANDARD_LIBRARIES = YES;
				ASSETCATALOG_COMPILER_APPICON_NAME = AppIcon;
				ASSETCATALOG_COMPILER_GLOBAL_ACCENT_COLOR_NAME = AccentColor;
				CODE_SIGN_ENTITLEMENTS = DelusWeb/DelusWeb.entitlements;
				CODE_SIGN_IDENTITY = "Apple Development";
				CODE_SIGN_STYLE = Automatic;
				CURRENT_PROJECT_VERSION = 8;
				DEVELOPMENT_ASSET_PATHS = "\"DelusWeb/Preview Content\"";
				DEVELOPMENT_TEAM = Q3YBB55MTY;
				ENABLE_PREVIEWS = YES;
				GENERATE_INFOPLIST_FILE = YES;
				INFOPLIST_FILE = DelusWeb/Info.plist;
				INFOPLIST_KEY_CFBundleDisplayName = Delus;
				INFOPLIST_KEY_LSApplicationCategoryType = "public.app-category.social-networking";
				INFOPLIST_KEY_NSCameraUsageDescription = "This app requires access to the camera to allow you to live stream your video and video calls";
				INFOPLIST_KEY_NSLocationWhenInUseUsageDescription = "We need your location to find friends and content near you";
				INFOPLIST_KEY_NSMicrophoneUsageDescription = "This app requires access to the mic to allow you to live stream your video and audio/video calls";
				INFOPLIST_KEY_UIApplicationSceneManifest_Generation = YES;
				INFOPLIST_KEY_UIApplicationSupportsIndirectInputEvents = YES;
				INFOPLIST_KEY_UILaunchScreen_Generation = YES;
				INFOPLIST_KEY_UISupportedInterfaceOrientations_iPad = "UIInterfaceOrientationPortrait UIInterfaceOrientationPortraitUpsideDown UIInterfaceOrientationLandscapeLeft UIInterfaceOrientationLandscapeRight";
				INFOPLIST_KEY_UISupportedInterfaceOrientations_iPhone = "UIInterfaceOrientationPortrait UIInterfaceOrientationLandscapeLeft UIInterfaceOrientationLandscapeRight";
				IPHONEOS_DEPLOYMENT_TARGET = 15.0;
				LD_RUNPATH_SEARCH_PATHS = (
					"$(inherited)",
					"@executable_path/Frameworks",
				);
				MARKETING_VERSION = 1.0;
				PRODUCT_BUNDLE_IDENTIFIER = com.Delus.demo;
				PRODUCT_NAME = "$(TARGET_NAME)";
				PROVISIONING_PROFILE_SPECIFIER = "";
				SWIFT_EMIT_LOC_STRINGS = YES;
				SWIFT_VERSION = 5.0;
				TARGETED_DEVICE_FAMILY = "1,2";
			};
			name = Release;
		};
/* End XCBuildConfiguration section */

/* Begin XCConfigurationList section */
		E357133C2C5CD17B009C42D4 /* Build configuration list for PBXNativeTarget "OneSignalNotificationServiceExtension" */ = {
			isa = XCConfigurationList;
			buildConfigurations = (
				E357133D2C5CD17B009C42D4 /* Debug */,
				E357133E2C5CD17B009C42D4 /* Release */,
			);
			defaultConfigurationIsVisible = 0;
			defaultConfigurationName = Release;
		};
		E3744D492AC8270C00B6DD04 /* Build configuration list for PBXProject "DelusWeb" */ = {
			isa = XCConfigurationList;
			buildConfigurations = (
				E3744D5A2AC8270D00B6DD04 /* Debug */,
				E3744D5B2AC8270D00B6DD04 /* Release */,
			);
			defaultConfigurationIsVisible = 0;
			defaultConfigurationName = Release;
		};
		E3744D5C2AC8270D00B6DD04 /* Build configuration list for PBXNativeTarget "DelusWeb" */ = {
			isa = XCConfigurationList;
			buildConfigurations = (
				E3744D5D2AC8270D00B6DD04 /* Debug */,
				E3744D5E2AC8270D00B6DD04 /* Release */,
			);
			defaultConfigurationIsVisible = 0;
			defaultConfigurationName = Release;
		};
/* End XCConfigurationList section */

/* Begin XCRemoteSwiftPackageReference section */
		E35713472C5CD335009C42D4 /* XCRemoteSwiftPackageReference "OneSignal-XCFramework" */ = {
			isa = XCRemoteSwiftPackageReference;
			repositoryURL = "https://github.com/OneSignal/OneSignal-XCFramework";
			requirement = {
				kind = upToNextMajorVersion;
				minimumVersion = 5.2.2;
			};
		};
/* End XCRemoteSwiftPackageReference section */

/* Begin XCSwiftPackageProductDependency section */
		E35713482C5CD335009C42D4 /* OneSignalExtension */ = {
			isa = XCSwiftPackageProductDependency;
			package = E35713472C5CD335009C42D4 /* XCRemoteSwiftPackageReference "OneSignal-XCFramework" */;
			productName = OneSignalExtension;
		};
		E357134A2C5CD335009C42D4 /* OneSignalFramework */ = {
			isa = XCSwiftPackageProductDependency;
			package = E35713472C5CD335009C42D4 /* XCRemoteSwiftPackageReference "OneSignal-XCFramework" */;
			productName = OneSignalFramework;
		};
		E357134C2C5CD335009C42D4 /* OneSignalInAppMessages */ = {
			isa = XCSwiftPackageProductDependency;
			package = E35713472C5CD335009C42D4 /* XCRemoteSwiftPackageReference "OneSignal-XCFramework" */;
			productName = OneSignalInAppMessages;
		};
		E357134E2C5CD335009C42D4 /* OneSignalLocation */ = {
			isa = XCSwiftPackageProductDependency;
			package = E35713472C5CD335009C42D4 /* XCRemoteSwiftPackageReference "OneSignal-XCFramework" */;
			productName = OneSignalLocation;
		};
/* End XCSwiftPackageProductDependency section */
	};
	rootObject = E3744D462AC8270C00B6DD04 /* Project object */;
}
